
Microsoft Visual Studio Solution File, Format Version 12.00
# Visual Studio Version 17
VisualStudioVersion = 17.11.35312.102
MinimumVisualStudioVersion = 10.0.40219.1
Project("{FAE04EC0-301F-11D3-BF4B-00C04F79EFBC}") = "PeerWork", "PeerWork\PeerWork.csproj", "{95ED64A4-435D-4E94-8770-1E3388D6F674}"
EndProject
Global
	GlobalSection(SolutionConfigurationPlatforms) = preSolution
		Debug|Any CPU = Debug|Any CPU
		Release|Any CPU = Release|Any CPU
	EndGlobalSection
	GlobalSection(ProjectConfigurationPlatforms) = postSolution
		{95ED64A4-435D-4E94-8770-1E3388D6F674}.Debug|Any CPU.ActiveCfg = Debug|Any CPU
		{95ED64A4-435D-4E94-8770-1E3388D6F674}.Debug|Any CPU.Build.0 = Debug|Any CPU
		{95ED64A4-435D-4E94-8770-1E3388D6F674}.Release|Any CPU.ActiveCfg = Release|Any CPU
		{95ED64A4-435D-4E94-8770-1E3388D6F674}.Release|Any CPU.Build.0 = Release|Any CPU
	EndGlobalSection
	GlobalSection(SolutionProperties) = preSolution
		HideSolutionNode = FALSE
	EndGlobalSection
	GlobalSection(ExtensibilityGlobals) = postSolution
		SolutionGuid = {C15ECBDA-FABD-4FB9-9D37-5DD4CBB7C393}
	EndGlobalSection
EndGlobal
